// !$*UTF8*$!
{
	archiveVersion = 1;
	classes = {
	};
	objectVersion = 51;
	objects = {

/* Begin PBXBuildFile section */
		6B64DED54FAD3BA0C436678E /* Pods_Parstagram.framework in Frameworks */ = {isa = PBXBuildFile; fileRef = D2287A875F99BE14B1C8DF2D /* Pods_Parstagram.framework */; };
		75378B176AAFDF584027271A /* Pods_ParstagramTests.framework in Frameworks */ = {isa = PBXBuildFile; fileRef = 945F8274FF66DAE30BD5C1B3 /* Pods_ParstagramTests.framework */; };
		98AA6A82E0712BFA7859380B /* Pods_Parstagram_ParstagramUITests.framework in Frameworks */ = {isa = PBXBuildFile; fileRef = BD9BB80E5FB5607B81835057 /* Pods_Parstagram_ParstagramUITests.framework */; };
		CE4D933024036AB700668919 /* LoginViewController.swift in Sources */ = {isa = PBXBuildFile; fileRef = CE4D932F24036AB700668919 /* LoginViewController.swift */; };
		CE4D933224036AE600668919 /* FeedViewController.swift in Sources */ = {isa = PBXBuildFile; fileRef = CE4D933124036AE600668919 /* FeedViewController.swift */; };
		CE4D933424037D3C00668919 /* CameraViewController.swift in Sources */ = {isa = PBXBuildFile; fileRef = CE4D933324037D3C00668919 /* CameraViewController.swift */; };
		CE4D93362403889F00668919 /* PostCell.swift in Sources */ = {isa = PBXBuildFile; fileRef = CE4D93352403889F00668919 /* PostCell.swift */; };
		CEEC5E7424035AE10074B94F /* AppDelegate.swift in Sources */ = {isa = PBXBuildFile; fileRef = CEEC5E7324035AE10074B94F /* AppDelegate.swift */; };
		CEEC5E7924035AE10074B94F /* Main.storyboard in Resources */ = {isa = PBXBuildFile; fileRef = CEEC5E7724035AE10074B94F /* Main.storyboard */; };
		CEEC5E7B24035AE70074B94F /* Assets.xcassets in Resources */ = {isa = PBXBuildFile; fileRef = CEEC5E7A24035AE70074B94F /* Assets.xcassets */; };
		CEEC5E7E24035AE70074B94F /* LaunchScreen.storyboard in Resources */ = {isa = PBXBuildFile; fileRef = CEEC5E7C24035AE70074B94F /* LaunchScreen.storyboard */; };
		CEEC5E8924035AE70074B94F /* ParstagramTests.swift in Sources */ = {isa = PBXBuildFile; fileRef = CEEC5E8824035AE70074B94F /* ParstagramTests.swift */; };
		CEEC5E9424035AE70074B94F /* ParstagramUITests.swift in Sources */ = {isa = PBXBuildFile; fileRef = CEEC5E9324035AE70074B94F /* ParstagramUITests.swift */; };
/* End PBXBuildFile section */

/* Begin PBXContainerItemProxy section */
		CEEC5E8524035AE70074B94F /* PBXContainerItemProxy */ = {
			isa = PBXContainerItemProxy;
			containerPortal = CEEC5E6824035AE10074B94F /* Project object */;
			proxyType = 1;
			remoteGlobalIDString = CEEC5E6F24035AE10074B94F;
			remoteInfo = Parstagram;
		};
		CEEC5E9024035AE70074B94F /* PBXContainerItemProxy */ = {
			isa = PBXContainerItemProxy;
			containerPortal = CEEC5E6824035AE10074B94F /* Project object */;
			proxyType = 1;
			remoteGlobalIDString = CEEC5E6F24035AE10074B94F;
			remoteInfo = Parstagram;
		};
/* End PBXContainerItemProxy section */

/* Begin PBXFileReference section */
		16826F339CE8795F3AC367D1 /* Pods-Parstagram-ParstagramUITests.release.xcconfig */ = {isa = PBXFileReference; includeInIndex = 1; lastKnownFileType = text.xcconfig; name = "Pods-Parstagram-ParstagramUITests.release.xcconfig"; path = "Target Support Files/Pods-Parstagram-ParstagramUITests/Pods-Parstagram-ParstagramUITests.release.xcconfig"; sourceTree = "<group>"; };
		1BDB1C324A05F69DC29B714A /* Pods-ParstagramTests.release.xcconfig */ = {isa = PBXFileReference; includeInIndex = 1; lastKnownFileType = text.xcconfig; name = "Pods-ParstagramTests.release.xcconfig"; path = "Target Support Files/Pods-ParstagramTests/Pods-ParstagramTests.release.xcconfig"; sourceTree = "<group>"; };
		6948FA119796188844769053 /* Pods-Parstagram.debug.xcconfig */ = {isa = PBXFileReference; includeInIndex = 1; lastKnownFileType = text.xcconfig; name = "Pods-Parstagram.debug.xcconfig"; path = "Target Support Files/Pods-Parstagram/Pods-Parstagram.debug.xcconfig"; sourceTree = "<group>"; };
		740BA72860570AB5D4C08405 /* Pods-Parstagram-ParstagramUITests.debug.xcconfig */ = {isa = PBXFileReference; includeInIndex = 1; lastKnownFileType = text.xcconfig; name = "Pods-Parstagram-ParstagramUITests.debug.xcconfig"; path = "Target Support Files/Pods-Parstagram-ParstagramUITests/Pods-Parstagram-ParstagramUITests.debug.xcconfig"; sourceTree = "<group>"; };
		945F8274FF66DAE30BD5C1B3 /* Pods_ParstagramTests.framework */ = {isa = PBXFileReference; explicitFileType = wrapper.framework; includeInIndex = 0; path = Pods_ParstagramTests.framework; sourceTree = BUILT_PRODUCTS_DIR; };
		BA5DEAED38526A9AF2FE3226 /* Pods-Parstagram.release.xcconfig */ = {isa = PBXFileReference; includeInIndex = 1; lastKnownFileType = text.xcconfig; name = "Pods-Parstagram.release.xcconfig"; path = "Target Support Files/Pods-Parstagram/Pods-Parstagram.release.xcconfig"; sourceTree = "<group>"; };
		BD9BB80E5FB5607B81835057 /* Pods_Parstagram_ParstagramUITests.framework */ = {isa = PBXFileReference; explicitFileType = wrapper.framework; includeInIndex = 0; path = Pods_Parstagram_ParstagramUITests.framework; sourceTree = BUILT_PRODUCTS_DIR; };
		CE4D932F24036AB700668919 /* LoginViewController.swift */ = {isa = PBXFileReference; lastKnownFileType = sourcecode.swift; path = LoginViewController.swift; sourceTree = "<group>"; };
		CE4D933124036AE600668919 /* FeedViewController.swift */ = {isa = PBXFileReference; lastKnownFileType = sourcecode.swift; path = FeedViewController.swift; sourceTree = "<group>"; };
		CE4D933324037D3C00668919 /* CameraViewController.swift */ = {isa = PBXFileReference; lastKnownFileType = sourcecode.swift; path = CameraViewController.swift; sourceTree = "<group>"; };
		CE4D93352403889F00668919 /* PostCell.swift */ = {isa = PBXFileReference; lastKnownFileType = sourcecode.swift; path = PostCell.swift; sourceTree = "<group>"; };
		CEEC5E7024035AE10074B94F /* Parstagram.app */ = {isa = PBXFileReference; explicitFileType = wrapper.application; includeInIndex = 0; path = Parstagram.app; sourceTree = BUILT_PRODUCTS_DIR; };
		CEEC5E7324035AE10074B94F /* AppDelegate.swift */ = {isa = PBXFileReference; lastKnownFileType = sourcecode.swift; path = AppDelegate.swift; sourceTree = "<group>"; };
		CEEC5E7824035AE10074B94F /* Base */ = {isa = PBXFileReference; lastKnownFileType = file.storyboard; name = Base; path = Base.lproj/Main.storyboard; sourceTree = "<group>"; };
		CEEC5E7A24035AE70074B94F /* Assets.xcassets */ = {isa = PBXFileReference; lastKnownFileType = folder.assetcatalog; path = Assets.xcassets; sourceTree = "<group>"; };
		CEEC5E7D24035AE70074B94F /* Base */ = {isa = PBXFileReference; lastKnownFileType = file.storyboard; name = Base; path = Base.lproj/LaunchScreen.storyboard; sourceTree = "<group>"; };
		CEEC5E7F24035AE70074B94F /* Info.plist */ = {isa = PBXFileReference; lastKnownFileType = text.plist.xml; path = Info.plist; sourceTree = "<group>"; };
		CEEC5E8424035AE70074B94F /* ParstagramTests.xctest */ = {isa = PBXFileReference; explicitFileType = wrapper.cfbundle; includeInIndex = 0; path = ParstagramTests.xctest; sourceTree = BUILT_PRODUCTS_DIR; };
		CEEC5E8824035AE70074B94F /* ParstagramTests.swift */ = {isa = PBXFileReference; lastKnownFileType = sourcecode.swift; path = ParstagramTests.swift; sourceTree = "<group>"; };
		CEEC5E8A24035AE70074B94F /* Info.plist */ = {isa = PBXFileReference; lastKnownFileType = text.plist.xml; path = Info.plist; sourceTree = "<group>"; };
		CEEC5E8F24035AE70074B94F /* ParstagramUITests.xctest */ = {isa = PBXFileReference; explicitFileType = wrapper.cfbundle; includeInIndex = 0; path = ParstagramUITests.xctest; sourceTree = BUILT_PRODUCTS_DIR; };
		CEEC5E9324035AE70074B94F /* ParstagramUITests.swift */ = {isa = PBXFileReference; lastKnownFileType = sourcecode.swift; path = ParstagramUITests.swift; sourceTree = "<group>"; };
		CEEC5E9524035AE80074B94F /* Info.plist */ = {isa = PBXFileReference; lastKnownFileType = text.plist.xml; path = Info.plist; sourceTree = "<group>"; };
		D2287A875F99BE14B1C8DF2D /* Pods_Parstagram.framework */ = {isa = PBXFileReference; explicitFileType = wrapper.framework; includeInIndex = 0; path = Pods_Parstagram.framework; sourceTree = BUILT_PRODUCTS_DIR; };
		FEC361188BD13358540CB087 /* Pods-ParstagramTests.debug.xcconfig */ = {isa = PBXFileReference; includeInIndex = 1; lastKnownFileType = text.xcconfig; name = "Pods-ParstagramTests.debug.xcconfig"; path = "Target Support Files/Pods-ParstagramTests/Pods-ParstagramTests.debug.xcconfig"; sourceTree = "<group>"; };
/* End PBXFileReference section */

/* Begin PBXFrameworksBuildPhase section */
		CEEC5E6D24035AE10074B94F /* Frameworks */ = {
			isa = PBXFrameworksBuildPhase;
			buildActionMask = 2147483647;
			files = (
				6B64DED54FAD3BA0C436678E /* Pods_Parstagram.framework in Frameworks */,
			);
			runOnlyForDeploymentPostprocessing = 0;
		};
		CEEC5E8124035AE70074B94F /* Frameworks */ = {
			isa = PBXFrameworksBuildPhase;
			buildActionMask = 2147483647;
			files = (
				75378B176AAFDF584027271A /* Pods_ParstagramTests.framework in Frameworks */,
			);
			runOnlyForDeploymentPostprocessing = 0;
		};
		CEEC5E8C24035AE70074B94F /* Frameworks */ = {
			isa = PBXFrameworksBuildPhase;
			buildActionMask = 2147483647;
			files = (
				98AA6A82E0712BFA7859380B /* Pods_Parstagram_ParstagramUITests.framework in Frameworks */,
			);
			runOnlyForDeploymentPostprocessing = 0;
		};
/* End PBXFrameworksBuildPhase section */

/* Begin PBXGroup section */
		426B0AF2B6B6D97C95E7CAA9 /* Pods */ = {
			isa = PBXGroup;
			children = (
				6948FA119796188844769053 /* Pods-Parstagram.debug.xcconfig */,
				BA5DEAED38526A9AF2FE3226 /* Pods-Parstagram.release.xcconfig */,
				740BA72860570AB5D4C08405 /* Pods-Parstagram-ParstagramUITests.debug.xcconfig */,
				16826F339CE8795F3AC367D1 /* Pods-Parstagram-ParstagramUITests.release.xcconfig */,
				FEC361188BD13358540CB087 /* Pods-ParstagramTests.debug.xcconfig */,
				1BDB1C324A05F69DC29B714A /* Pods-ParstagramTests.release.xcconfig */,
			);
			path = Pods;
			sourceTree = "<group>";
		};
		651BDC0494C9089073716A9B /* Frameworks */ = {
			isa = PBXGroup;
			children = (
				D2287A875F99BE14B1C8DF2D /* Pods_Parstagram.framework */,
				BD9BB80E5FB5607B81835057 /* Pods_Parstagram_ParstagramUITests.framework */,
				945F8274FF66DAE30BD5C1B3 /* Pods_ParstagramTests.framework */,
			);
			name = Frameworks;
			sourceTree = "<group>";
		};
		CEEC5E6724035AE10074B94F = {
			isa = PBXGroup;
			children = (
				CEEC5E7224035AE10074B94F /* Parstagram */,
				CEEC5E8724035AE70074B94F /* ParstagramTests */,
				CEEC5E9224035AE70074B94F /* ParstagramUITests */,
				CEEC5E7124035AE10074B94F /* Products */,
				426B0AF2B6B6D97C95E7CAA9 /* Pods */,
				651BDC0494C9089073716A9B /* Frameworks */,
			);
			sourceTree = "<group>";
		};
		CEEC5E7124035AE10074B94F /* Products */ = {
			isa = PBXGroup;
			children = (
				CEEC5E7024035AE10074B94F /* Parstagram.app */,
				CEEC5E8424035AE70074B94F /* ParstagramTests.xctest */,
				CEEC5E8F24035AE70074B94F /* ParstagramUITests.xctest */,
			);
			name = Products;
			sourceTree = "<group>";
		};
		CEEC5E7224035AE10074B94F /* Parstagram */ = {
			isa = PBXGroup;
			children = (
				CEEC5E7324035AE10074B94F /* AppDelegate.swift */,
				CEEC5E7724035AE10074B94F /* Main.storyboard */,
				CEEC5E7A24035AE70074B94F /* Assets.xcassets */,
				CEEC5E7C24035AE70074B94F /* LaunchScreen.storyboard */,
				CEEC5E7F24035AE70074B94F /* Info.plist */,
				CE4D932F24036AB700668919 /* LoginViewController.swift */,
				CE4D933124036AE600668919 /* FeedViewController.swift */,
				CE4D933324037D3C00668919 /* CameraViewController.swift */,
				CE4D93352403889F00668919 /* PostCell.swift */,
			);
			path = Parstagram;
			sourceTree = "<group>";
		};
		CEEC5E8724035AE70074B94F /* ParstagramTests */ = {
			isa = PBXGroup;
			children = (
				CEEC5E8824035AE70074B94F /* ParstagramTests.swift */,
				CEEC5E8A24035AE70074B94F /* Info.plist */,
			);
			path = ParstagramTests;
			sourceTree = "<group>";
		};
		CEEC5E9224035AE70074B94F /* ParstagramUITests */ = {
			isa = PBXGroup;
			children = (
				CEEC5E9324035AE70074B94F /* ParstagramUITests.swift */,
				CEEC5E9524035AE80074B94F /* Info.plist */,
			);
			path = ParstagramUITests;
			sourceTree = "<group>";
		};
/* End PBXGroup section */

/* Begin PBXNativeTarget section */
		CEEC5E6F24035AE10074B94F /* Parstagram */ = {
			isa = PBXNativeTarget;
			buildConfigurationList = CEEC5E9824035AE80074B94F /* Build configuration list for PBXNativeTarget "Parstagram" */;
			buildPhases = (
				7F1B0D7DD2A5D9B57E254423 /* [CP] Check Pods Manifest.lock */,
				CEEC5E6C24035AE10074B94F /* Sources */,
				CEEC5E6D24035AE10074B94F /* Frameworks */,
				CEEC5E6E24035AE10074B94F /* Resources */,
				5057E782FC024FDE7879136C /* [CP] Embed Pods Frameworks */,
			);
			buildRules = (
			);
			dependencies = (
			);
			name = Parstagram;
			productName = Parstagram;
			productReference = CEEC5E7024035AE10074B94F /* Parstagram.app */;
			productType = "com.apple.product-type.application";
		};
		CEEC5E8324035AE70074B94F /* ParstagramTests */ = {
			isa = PBXNativeTarget;
			buildConfigurationList = CEEC5E9B24035AE80074B94F /* Build configuration list for PBXNativeTarget "ParstagramTests" */;
			buildPhases = (
				FC809BA937E8B01D9444B90E /* [CP] Check Pods Manifest.lock */,
				CEEC5E8024035AE70074B94F /* Sources */,
				CEEC5E8124035AE70074B94F /* Frameworks */,
				CEEC5E8224035AE70074B94F /* Resources */,
			);
			buildRules = (
			);
			dependencies = (
				CEEC5E8624035AE70074B94F /* PBXTargetDependency */,
			);
			name = ParstagramTests;
			productName = ParstagramTests;
			productReference = CEEC5E8424035AE70074B94F /* ParstagramTests.xctest */;
			productType = "com.apple.product-type.bundle.unit-test";
		};
		CEEC5E8E24035AE70074B94F /* ParstagramUITests */ = {
			isa = PBXNativeTarget;
			buildConfigurationList = CEEC5E9E24035AE80074B94F /* Build configuration list for PBXNativeTarget "ParstagramUITests" */;
			buildPhases = (
				361778079B7B34570E50988D /* [CP] Check Pods Manifest.lock */,
				CEEC5E8B24035AE70074B94F /* Sources */,
				CEEC5E8C24035AE70074B94F /* Frameworks */,
				CEEC5E8D24035AE70074B94F /* Resources */,
				E91BF4723C983B427C0DE83F /* [CP] Embed Pods Frameworks */,
			);
			buildRules = (
			);
			dependencies = (
				CEEC5E9124035AE70074B94F /* PBXTargetDependency */,
			);
			name = ParstagramUITests;
			productName = ParstagramUITests;
			productReference = CEEC5E8F24035AE70074B94F /* ParstagramUITests.xctest */;
			productType = "com.apple.product-type.bundle.ui-testing";
		};
/* End PBXNativeTarget section */

/* Begin PBXProject section */
		CEEC5E6824035AE10074B94F /* Project object */ = {
			isa = PBXProject;
			attributes = {
				LastSwiftUpdateCheck = 1010;
				LastUpgradeCheck = 1010;
				ORGANIZATIONNAME = RAgarwal;
				TargetAttributes = {
					CEEC5E6F24035AE10074B94F = {
						CreatedOnToolsVersion = 10.1;
					};
					CEEC5E8324035AE70074B94F = {
						CreatedOnToolsVersion = 10.1;
						TestTargetID = CEEC5E6F24035AE10074B94F;
					};
					CEEC5E8E24035AE70074B94F = {
						CreatedOnToolsVersion = 10.1;
						TestTargetID = CEEC5E6F24035AE10074B94F;
					};
				};
			};
			buildConfigurationList = CEEC5E6B24035AE10074B94F /* Build configuration list for PBXProject "Parstagram" */;
			compatibilityVersion = "Xcode 9.3";
			developmentRegion = en;
			hasScannedForEncodings = 0;
			knownRegions = (
				en,
				Base,
			);
			mainGroup = CEEC5E6724035AE10074B94F;
			productRefGroup = CEEC5E7124035AE10074B94F /* Products */;
			projectDirPath = "";
			projectRoot = "";
			targets = (
				CEEC5E6F24035AE10074B94F /* Parstagram */,
				CEEC5E8324035AE70074B94F /* ParstagramTests */,
				CEEC5E8E24035AE70074B94F /* ParstagramUITests */,
			);
		};
/* End PBXProject section */

/* Begin PBXResourcesBuildPhase section */
		CEEC5E6E24035AE10074B94F /* Resources */ = {
			isa = PBXResourcesBuildPhase;
			buildActionMask = 2147483647;
			files = (
				CEEC5E7E24035AE70074B94F /* LaunchScreen.storyboard in Resources */,
				CEEC5E7B24035AE70074B94F /* Assets.xcassets in Resources */,
				CEEC5E7924035AE10074B94F /* Main.storyboard in Resources */,
			);
			runOnlyForDeploymentPostprocessing = 0;
		};
		CEEC5E8224035AE70074B94F /* Resources */ = {
			isa = PBXResourcesBuildPhase;
			buildActionMask = 2147483647;
			files = (
			);
			runOnlyForDeploymentPostprocessing = 0;
		};
		CEEC5E8D24035AE70074B94F /* Resources */ = {
			isa = PBXResourcesBuildPhase;
			buildActionMask = 2147483647;
			files = (
			);
			runOnlyForDeploymentPostprocessing = 0;
		};
/* End PBXResourcesBuildPhase section */

/* Begin PBXShellScriptBuildPhase section */
		361778079B7B34570E50988D /* [CP] Check Pods Manifest.lock */ = {
			isa = PBXShellScriptBuildPhase;
			buildActionMask = 2147483647;
			files = (
			);
			inputFileListPaths = (
			);
			inputPaths = (
				"${PODS_PODFILE_DIR_PATH}/Podfile.lock",
				"${PODS_ROOT}/Manifest.lock",
			);
			name = "[CP] Check Pods Manifest.lock";
			outputFileListPaths = (
			);
			outputPaths = (
				"$(DERIVED_FILE_DIR)/Pods-Parstagram-ParstagramUITests-checkManifestLockResult.txt",
			);
			runOnlyForDeploymentPostprocessing = 0;
			shellPath = /bin/sh;
			shellScript = "diff \"${PODS_PODFILE_DIR_PATH}/Podfile.lock\" \"${PODS_ROOT}/Manifest.lock\" > /dev/null\nif [ $? != 0 ] ; then\n    # print error to STDERR\n    echo \"error: The sandbox is not in sync with the Podfile.lock. Run 'pod install' or update your CocoaPods installation.\" >&2\n    exit 1\nfi\n# This output is used by Xcode 'outputs' to avoid re-running this script phase.\necho \"SUCCESS\" > \"${SCRIPT_OUTPUT_FILE_0}\"\n";
			showEnvVarsInLog = 0;
		};
		5057E782FC024FDE7879136C /* [CP] Embed Pods Frameworks */ = {
			isa = PBXShellScriptBuildPhase;
			buildActionMask = 2147483647;
			files = (
			);
			inputFileListPaths = (
				"${PODS_ROOT}/Target Support Files/Pods-Parstagram/Pods-Parstagram-frameworks-${CONFIGURATION}-input-files.xcfilelist",
			);
			name = "[CP] Embed Pods Frameworks";
			outputFileListPaths = (
				"${PODS_ROOT}/Target Support Files/Pods-Parstagram/Pods-Parstagram-frameworks-${CONFIGURATION}-output-files.xcfilelist",
			);
			runOnlyForDeploymentPostprocessing = 0;
			shellPath = /bin/sh;
			shellScript = "\"${PODS_ROOT}/Target Support Files/Pods-Parstagram/Pods-Parstagram-frameworks.sh\"\n";
			showEnvVarsInLog = 0;
		};
		7F1B0D7DD2A5D9B57E254423 /* [CP] Check Pods Manifest.lock */ = {
			isa = PBXShellScriptBuildPhase;
			buildActionMask = 2147483647;
			files = (
			);
			inputFileListPaths = (
			);
			inputPaths = (
				"${PODS_PODFILE_DIR_PATH}/Podfile.lock",
				"${PODS_ROOT}/Manifest.lock",
			);
			name = "[CP] Check Pods Manifest.lock";
			outputFileListPaths = (
			);
			outputPaths = (
				"$(DERIVED_FILE_DIR)/Pods-Parstagram-checkManifestLockResult.txt",
			);
			runOnlyForDeploymentPostprocessing = 0;
			shellPath = /bin/sh;
			shellScript = "diff \"${PODS_PODFILE_DIR_PATH}/Podfile.lock\" \"${PODS_ROOT}/Manifest.lock\" > /dev/null\nif [ $? != 0 ] ; then\n    # print error to STDERR\n    echo \"error: The sandbox is not in sync with the Podfile.lock. Run 'pod install' or update your CocoaPods installation.\" >&2\n    exit 1\nfi\n# This output is used by Xcode 'outputs' to avoid re-running this script phase.\necho \"SUCCESS\" > \"${SCRIPT_OUTPUT_FILE_0}\"\n";
			showEnvVarsInLog = 0;
		};
		E91BF4723C983B427C0DE83F /* [CP] Embed Pods Frameworks */ = {
			isa = PBXShellScriptBuildPhase;
			buildActionMask = 2147483647;
			files = (
			);
			inputFileListPaths = (
				"${PODS_ROOT}/Target Support Files/Pods-Parstagram-ParstagramUITests/Pods-Parstagram-ParstagramUITests-frameworks-${CONFIGURATION}-input-files.xcfilelist",
			);
			name = "[CP] Embed Pods Frameworks";
			outputFileListPaths = (
				"${PODS_ROOT}/Target Support Files/Pods-Parstagram-ParstagramUITests/Pods-Parstagram-ParstagramUITests-frameworks-${CONFIGURATION}-output-files.xcfilelist",
			);
			runOnlyForDeploymentPostprocessing = 0;
			shellPath = /bin/sh;
			shellScript = "\"${PODS_ROOT}/Target Support Files/Pods-Parstagram-ParstagramUITests/Pods-Parstagram-ParstagramUITests-frameworks.sh\"\n";
			showEnvVarsInLog = 0;
		};
		FC809BA937E8B01D9444B90E /* [CP] Check Pods Manifest.lock */ = {
			isa = PBXShellScriptBuildPhase;
			buildActionMask = 2147483647;
			files = (
			);
			inputFileListPaths = (
			);
			inputPaths = (
				"${PODS_PODFILE_DIR_PATH}/Podfile.lock",
				"${PODS_ROOT}/Manifest.lock",
			);
			name = "[CP] Check Pods Manifest.lock";
			outputFileListPaths = (
			);
			outputPaths = (
				"$(DERIVED_FILE_DIR)/Pods-ParstagramTests-checkManifestLockResult.txt",
			);
			runOnlyForDeploymentPostprocessing = 0;
			shellPath = /bin/sh;
			shellScript = "diff \"${PODS_PODFILE_DIR_PATH}/Podfile.lock\" \"${PODS_ROOT}/Manifest.lock\" > /dev/null\nif [ $? != 0 ] ; then\n    # print error to STDERR\n    echo \"error: The sandbox is not in sync with the Podfile.lock. Run 'pod install' or update your CocoaPods installation.\" >&2\n    exit 1\nfi\n# This output is used by Xcode 'outputs' to avoid re-running this script phase.\necho \"SUCCESS\" > \"${SCRIPT_OUTPUT_FILE_0}\"\n";
			showEnvVarsInLog = 0;
		};
/* End PBXShellScriptBuildPhase section */

/* Begin PBXSourcesBuildPhase section */
		CEEC5E6C24035AE10074B94F /* Sources */ = {
			isa = PBXSourcesBuildPhase;
			buildActionMask = 2147483647;
			files = (
				CE4D933024036AB700668919 /* LoginViewController.swift in Sources */,
				CE4D933424037D3C00668919 /* CameraViewController.swift in Sources */,
				CE4D933224036AE600668919 /* FeedViewController.swift in Sources */,
				CEEC5E7424035AE10074B94F /* AppDelegate.swift in Sources */,
				CE4D93362403889F00668919 /* PostCell.swift in Sources */,
			);
			runOnlyForDeploymentPostprocessing = 0;
		};
		CEEC5E8024035AE70074B94F /* Sources */ = {
			isa = PBXSourcesBuildPhase;
			buildActionMask = 2147483647;
			files = (
				CEEC5E8924035AE70074B94F /* ParstagramTests.swift in Sources */,
			);
			runOnlyForDeploymentPostprocessing = 0;
		};
		CEEC5E8B24035AE70074B94F /* Sources */ = {
			isa = PBXSourcesBuildPhase;
			buildActionMask = 2147483647;
			files = (
				CEEC5E9424035AE70074B94F /* ParstagramUITests.swift in Sources */,
			);
			runOnlyForDeploymentPostprocessing = 0;
		};
/* End PBXSourcesBuildPhase section */

/* Begin PBXTargetDependency section */
		CEEC5E8624035AE70074B94F /* PBXTargetDependency */ = {
			isa = PBXTargetDependency;
			target = CEEC5E6F24035AE10074B94F /* Parstagram */;
			targetProxy = CEEC5E8524035AE70074B94F /* PBXContainerItemProxy */;
		};
		CEEC5E9124035AE70074B94F /* PBXTargetDependency */ = {
			isa = PBXTargetDependency;
			target = CEEC5E6F24035AE10074B94F /* Parstagram */;
			targetProxy = CEEC5E9024035AE70074B94F /* PBXContainerItemProxy */;
		};
/* End PBXTargetDependency section */

/* Begin PBXVariantGroup section */
		CEEC5E7724035AE10074B94F /* Main.storyboard */ = {
			isa = PBXVariantGroup;
			children = (
				CEEC5E7824035AE10074B94F /* Base */,
			);
			name = Main.storyboard;
			sourceTree = "<group>";
		};
		CEEC5E7C24035AE70074B94F /* LaunchScreen.storyboard */ = {
			isa = PBXVariantGroup;
			children = (
				CEEC5E7D24035AE70074B94F /* Base */,
			);
			name = LaunchScreen.storyboard;
			sourceTree = "<group>";
		};
/* End PBXVariantGroup section */

/* Begin XCBuildConfiguration section */
		CEEC5E9624035AE80074B94F /* Debug */ = {
			isa = XCBuildConfiguration;
			buildSettings = {
				ALWAYS_SEARCH_USER_PATHS = NO;
				CLANG_ANALYZER_NONNULL = YES;
				CLANG_ANALYZER_NUMBER_OBJECT_CONVERSION = YES_AGGRESSIVE;
				CLANG_CXX_LANGUAGE_STANDARD = "gnu++14";
				CLANG_CXX_LIBRARY = "libc++";
				CLANG_ENABLE_MODULES = YES;
				CLANG_ENABLE_OBJC_ARC = YES;
				CLANG_ENABLE_OBJC_WEAK = YES;
				CLANG_WARN_BLOCK_CAPTURE_AUTORELEASING = YES;
				CLANG_WARN_BOOL_CONVERSION = YES;
				CLANG_WARN_COMMA = YES;
				CLANG_WARN_CONSTANT_CONVERSION = YES;
				CLANG_WARN_DEPRECATED_OBJC_IMPLEMENTATIONS = YES;
				CLANG_WARN_DIRECT_OBJC_ISA_USAGE = YES_ERROR;
				CLANG_WARN_DOCUMENTATION_COMMENTS = YES;
				CLANG_WARN_EMPTY_BODY = YES;
				CLANG_WARN_ENUM_CONVERSION = YES;
				CLANG_WARN_INFINITE_RECURSION = YES;
				CLANG_WARN_INT_CONVERSION = YES;
				CLANG_WARN_NON_LITERAL_NULL_CONVERSION = YES;
				CLANG_WARN_OBJC_IMPLICIT_RETAIN_SELF = YES;
				CLANG_WARN_OBJC_LITERAL_CONVERSION = YES;
				CLANG_WARN_OBJC_ROOT_CLASS = YES_ERROR;
				CLANG_WARN_RANGE_LOOP_ANALYSIS = YES;
				CLANG_WARN_STRICT_PROTOTYPES = YES;
				CLANG_WARN_SUSPICIOUS_MOVE = YES;
				CLANG_WARN_UNGUARDED_AVAILABILITY = YES_AGGRESSIVE;
				CLANG_WARN_UNREACHABLE_CODE = YES;
				CLANG_WARN__DUPLICATE_METHOD_MATCH = YES;
				CODE_SIGN_IDENTITY = "iPhone Developer";
				COPY_PHASE_STRIP = NO;
				DEBUG_INFORMATION_FORMAT = dwarf;
				ENABLE_STRICT_OBJC_MSGSEND = YES;
				ENABLE_TESTABILITY = YES;
				GCC_C_LANGUAGE_STANDARD = gnu11;
				GCC_DYNAMIC_NO_PIC = NO;
				GCC_NO_COMMON_BLOCKS = YES;
				GCC_OPTIMIZATION_LEVEL = 0;
				GCC_PREPROCESSOR_DEFINITIONS = (
					"DEBUG=1",
					"$(inherited)",
				);
				GCC_WARN_64_TO_32_BIT_CONVERSION = YES;
				GCC_WARN_ABOUT_RETURN_TYPE = YES_ERROR;
				GCC_WARN_UNDECLARED_SELECTOR = YES;
				GCC_WARN_UNINITIALIZED_AUTOS = YES_AGGRESSIVE;
				GCC_WARN_UNUSED_FUNCTION = YES;
				GCC_WARN_UNUSED_VARIABLE = YES;
				IPHONEOS_DEPLOYMENT_TARGET = 12.1;
				MTL_ENABLE_DEBUG_INFO = INCLUDE_SOURCE;
				MTL_FAST_MATH = YES;
				ONLY_ACTIVE_ARCH = YES;
				SDKROOT = iphoneos;
				SWIFT_ACTIVE_COMPILATION_CONDITIONS = DEBUG;
				SWIFT_OPTIMIZATION_LEVEL = "-Onone";
			};
			name = Debug;
		};
		CEEC5E9724035AE80074B94F /* Release */ = {
			isa = XCBuildConfiguration;
			buildSettings = {
				ALWAYS_SEARCH_USER_PATHS = NO;
				CLANG_ANALYZER_NONNULL = YES;
				CLANG_ANALYZER_NUMBER_OBJECT_CONVERSION = YES_AGGRESSIVE;
				CLANG_CXX_LANGUAGE_STANDARD = "gnu++14";
				CLANG_CXX_LIBRARY = "libc++";
				CLANG_ENABLE_MODULES = YES;
				CLANG_ENABLE_OBJC_ARC = YES;
				CLANG_ENABLE_OBJC_WEAK = YES;
				CLANG_WARN_BLOCK_CAPTURE_AUTORELEASING = YES;
				CLANG_WARN_BOOL_CONVERSION = YES;
				CLANG_WARN_COMMA = YES;
				CLANG_WARN_CONSTANT_CONVERSION = YES;
				CLANG_WARN_DEPRECATED_OBJC_IMPLEMENTATIONS = YES;
				CLANG_WARN_DIRECT_OBJC_ISA_USAGE = YES_ERROR;
				CLANG_WARN_DOCUMENTATION_COMMENTS = YES;
				CLANG_WARN_EMPTY_BODY = YES;
				CLANG_WARN_ENUM_CONVERSION = YES;
				CLANG_WARN_INFINITE_RECURSION = YES;
				CLANG_WARN_INT_CONVERSION = YES;
				CLANG_WARN_NON_LITERAL_NULL_CONVERSION = YES;
				CLANG_WARN_OBJC_IMPLICIT_RETAIN_SELF = YES;
				CLANG_WARN_OBJC_LITERAL_CONVERSION = YES;
				CLANG_WARN_OBJC_ROOT_CLASS = YES_ERROR;
				CLANG_WARN_RANGE_LOOP_ANALYSIS = YES;
				CLANG_WARN_STRICT_PROTOTYPES = YES;
				CLANG_WARN_SUSPICIOUS_MOVE = YES;
				CLANG_WARN_UNGUARDED_AVAILABILITY = YES_AGGRESSIVE;
				CLANG_WARN_UNREACHABLE_CODE = YES;
				CLANG_WARN__DUPLICATE_METHOD_MATCH = YES;
				CODE_SIGN_IDENTITY = "iPhone Developer";
				COPY_PHASE_STRIP = NO;
				DEBUG_INFORMATION_FORMAT = "dwarf-with-dsym";
				ENABLE_NS_ASSERTIONS = NO;
				ENABLE_STRICT_OBJC_MSGSEND = YES;
				GCC_C_LANGUAGE_STANDARD = gnu11;
				GCC_NO_COMMON_BLOCKS = YES;
				GCC_WARN_64_TO_32_BIT_CONVERSION = YES;
				GCC_WARN_ABOUT_RETURN_TYPE = YES_ERROR;
				GCC_WARN_UNDECLARED_SELECTOR = YES;
				GCC_WARN_UNINITIALIZED_AUTOS = YES_AGGRESSIVE;
				GCC_WARN_UNUSED_FUNCTION = YES;
				GCC_WARN_UNUSED_VARIABLE = YES;
				IPHONEOS_DEPLOYMENT_TARGET = 12.1;
				MTL_ENABLE_DEBUG_INFO = NO;
				MTL_FAST_MATH = YES;
				SDKROOT = iphoneos;
				SWIFT_COMPILATION_MODE = wholemodule;
				SWIFT_OPTIMIZATION_LEVEL = "-O";
				VALIDATE_PRODUCT = YES;
			};
			name = Release;
		};
		CEEC5E9924035AE80074B94F /* Debug */ = {
			isa = XCBuildConfiguration;
			baseConfigurationReference = 6948FA119796188844769053 /* Pods-Parstagram.debug.xcconfig */;
			buildSettings = {
				ASSETCATALOG_COMPILER_APPICON_NAME = AppIcon;
				CODE_SIGN_STYLE = Automatic;
				INFOPLIST_FILE = Parstagram/Info.plist;
				LD_RUNPATH_SEARCH_PATHS = (
					"$(inherited)",
					"@executable_path/Frameworks",
				);
				PRODUCT_BUNDLE_IDENTIFIER = Pi.Parstagram;
				PRODUCT_NAME = "$(TARGET_NAME)";
				SWIFT_VERSION = 4.2;
				TARGETED_DEVICE_FAMILY = "1,2";
			};
			name = Debug;
		};
		CEEC5E9A24035AE80074B94F /* Release */ = {
			isa = XCBuildConfiguration;
			baseConfigurationReference = BA5DEAED38526A9AF2FE3226 /* Pods-Parstagram.release.xcconfig */;
			buildSettings = {
				ASSETCATALOG_COMPILER_APPICON_NAME = AppIcon;
				CODE_SIGN_STYLE = Automatic;
				INFOPLIST_FILE = Parstagram/Info.plist;
				LD_RUNPATH_SEARCH_PATHS = (
					"$(inherited)",
					"@executable_path/Frameworks",
				);
				PRODUCT_BUNDLE_IDENTIFIER = Pi.Parstagram;
				PRODUCT_NAME = "$(TARGET_NAME)";
				SWIFT_VERSION = 4.2;
				TARGETED_DEVICE_FAMILY = "1,2";
			};
			name = Release;
		};
		CEEC5E9C24035AE80074B94F /* Debug */ = {
			isa = XCBuildConfiguration;
			baseConfigurationReference = FEC361188BD13358540CB087 /* Pods-ParstagramTests.debug.xcconfig */;
			buildSettings = {
				ALWAYS_EMBED_SWIFT_STANDARD_LIBRARIES = YES;
				BUNDLE_LOADER = "$(TEST_HOST)";
				CODE_SIGN_STYLE = Automatic;
				INFOPLIST_FILE = ParstagramTests/Info.plist;
				LD_RUNPATH_SEARCH_PATHS = (
					"$(inherited)",
					"@executable_path/Frameworks",
					"@loader_path/Frameworks",
				);
				PRODUCT_BUNDLE_IDENTIFIER = Pi.ParstagramTests;
				PRODUCT_NAME = "$(TARGET_NAME)";
				SWIFT_VERSION = 4.2;
				TARGETED_DEVICE_FAMILY = "1,2";
				TEST_HOST = "$(BUILT_PRODUCTS_DIR)/Parstagram.app/Parstagram";
			};
			name = Debug;
		};
		CEEC5E9D24035AE80074B94F /* Release */ = {
			isa = XCBuildConfiguration;
			baseConfigurationReference = 1BDB1C324A05F69DC29B714A /* Pods-ParstagramTests.release.xcconfig */;
			buildSettings = {
				ALWAYS_EMBED_SWIFT_STANDARD_LIBRARIES = YES;
				BUNDLE_LOADER = "$(TEST_HOST)";
				CODE_SIGN_STYLE = Automatic;
				INFOPLIST_FILE = ParstagramTests/Info.plist;
				LD_RUNPATH_SEARCH_PATHS = (
					"$(inherited)",
					"@executable_path/Frameworks",
					"@loader_path/Frameworks",
				);
				PRODUCT_BUNDLE_IDENTIFIER = Pi.ParstagramTests;
				PRODUCT_NAME = "$(TARGET_NAME)";
				SWIFT_VERSION = 4.2;
				TARGETED_DEVICE_FAMILY = "1,2";
				TEST_HOST = "$(BUILT_PRODUCTS_DIR)/Parstagram.app/Parstagram";
			};
			name = Release;
		};
		CEEC5E9F24035AE80074B94F /* Debug */ = {
			isa = XCBuildConfiguration;
			baseConfigurationReference = 740BA72860570AB5D4C08405 /* Pods-Parstagram-ParstagramUITests.debug.xcconfig */;
			buildSettings = {
				ALWAYS_EMBED_SWIFT_STANDARD_LIBRARIES = YES;
				CODE_SIGN_STYLE = Automatic;
				INFOPLIST_FILE = ParstagramUITests/Info.plist;
				LD_RUNPATH_SEARCH_PATHS = (
					"$(inherited)",
					"@executable_path/Frameworks",
					"@loader_path/Frameworks",
				);
				PRODUCT_BUNDLE_IDENTIFIER = Pi.ParstagramUITests;
				PRODUCT_NAME = "$(TARGET_NAME)";
				SWIFT_VERSION = 4.2;
				TARGETED_DEVICE_FAMILY = "1,2";
				TEST_TARGET_NAME = Parstagram;
			};
			name = Debug;
		};
		CEEC5EA024035AE80074B94F /* Release */ = {
			isa = XCBuildConfiguration;
			baseConfigurationReference = 16826F339CE8795F3AC367D1 /* Pods-Parstagram-ParstagramUITests.release.xcconfig */;
			buildSettings = {
				ALWAYS_EMBED_SWIFT_STANDARD_LIBRARIES = YES;
				CODE_SIGN_STYLE = Automatic;
				INFOPLIST_FILE = ParstagramUITests/Info.plist;
				LD_RUNPATH_SEARCH_PATHS = (
					"$(inherited)",
					"@executable_path/Frameworks",
					"@loader_path/Frameworks",
				);
				PRODUCT_BUNDLE_IDENTIFIER = Pi.ParstagramUITests;
				PRODUCT_NAME = "$(TARGET_NAME)";
				SWIFT_VERSION = 4.2;
				TARGETED_DEVICE_FAMILY = "1,2";
				TEST_TARGET_NAME = Parstagram;
			};
			name = Release;
		};
/* End XCBuildConfiguration section */

/* Begin XCConfigurationList section */
		CEEC5E6B24035AE10074B94F /* Build configuration list for PBXProject "Parstagram" */ = {
			isa = XCConfigurationList;
			buildConfigurations = (
				CEEC5E9624035AE80074B94F /* Debug */,
				CEEC5E9724035AE80074B94F /* Release */,
			);
			defaultConfigurationIsVisible = 0;
			defaultConfigurationName = Release;
		};
		CEEC5E9824035AE80074B94F /* Build configuration list for PBXNativeTarget "Parstagram" */ = {
			isa = XCConfigurationList;
			buildConfigurations = (
				CEEC5E9924035AE80074B94F /* Debug */,
				CEEC5E9A24035AE80074B94F /* Release */,
			);
			defaultConfigurationIsVisible = 0;
			defaultConfigurationName = Release;
		};
		CEEC5E9B24035AE80074B94F /* Build configuration list for PBXNativeTarget "ParstagramTests" */ = {
			isa = XCConfigurationList;
			buildConfigurations = (
				CEEC5E9C24035AE80074B94F /* Debug */,
				CEEC5E9D24035AE80074B94F /* Release */,
			);
			defaultConfigurationIsVisible = 0;
			defaultConfigurationName = Release;
		};
		CEEC5E9E24035AE80074B94F /* Build configuration list for PBXNativeTarget "ParstagramUITests" */ = {
			isa = XCConfigurationList;
			buildConfigurations = (
				CEEC5E9F24035AE80074B94F /* Debug */,
				CEEC5EA024035AE80074B94F /* Release */,
			);
			defaultConfigurationIsVisible = 0;
			defaultConfigurationName = Release;
		};
/* End XCConfigurationList section */
	};
	rootObject = CEEC5E6824035AE10074B94F /* Project object */;
}
